
Microsoft Visual Studio Solution File, Format Version 12.00
# Visual Studio 2013
VisualStudioVersion = 12.0.31101.0
MinimumVisualStudioVersion = 10.0.40219.1
Project("{FAE04EC0-301F-11D3-BF4B-00C04F79EFBC}") = "DG_GradingTests", "GradingTests\DG_GradingTests.csproj", "{D9B9B6AF-AE7F-4587-8440-D95ABB196CF3}"
EndProject
Project("{FAE04EC0-301F-11D3-BF4B-00C04F79EFBC}") = "DependencyGraph", "DependencyGraph\DependencyGraph.csproj", "{B30FDC7B-C26C-46F5-BD4E-6389745BBE9F}"
EndProject
Project("{FAE04EC0-301F-11D3-BF4B-00C04F79EFBC}") = "Formula", "Formula\Formula.csproj", "{37938E7C-65DE-4E17-9D60-2CE957BA3F6F}"
EndProject
Project("{FAE04EC0-301F-11D3-BF4B-00C04F79EFBC}") = "Formula_GradingTests", "Formula_GradingTests\Formula_GradingTests.csproj", "{B2F8653F-87EC-469A-9C4F-5032A7412EE9}"
EndProject
Global
	GlobalSection(SolutionConfigurationPlatforms) = preSolution
		Debug|Any CPU = Debug|Any CPU
		Release|Any CPU = Release|Any CPU
	EndGlobalSection
	GlobalSection(ProjectConfigurationPlatforms) = postSolution
		{D9B9B6AF-AE7F-4587-8440-D95ABB196CF3}.Debug|Any CPU.ActiveCfg = Debug|Any CPU
		{D9B9B6AF-AE7F-4587-8440-D95ABB196CF3}.Debug|Any CPU.Build.0 = Debug|Any CPU
		{D9B9B6AF-AE7F-4587-8440-D95ABB196CF3}.Release|Any CPU.ActiveCfg = Release|Any CPU
		{D9B9B6AF-AE7F-4587-8440-D95ABB196CF3}.Release|Any CPU.Build.0 = Release|Any CPU
		{B30FDC7B-C26C-46F5-BD4E-6389745BBE9F}.Debug|Any CPU.ActiveCfg = Debug|Any CPU
		{B30FDC7B-C26C-46F5-BD4E-6389745BBE9F}.Debug|Any CPU.Build.0 = Debug|Any CPU
		{B30FDC7B-C26C-46F5-BD4E-6389745BBE9F}.Release|Any CPU.ActiveCfg = Release|Any CPU
		{B30FDC7B-C26C-46F5-BD4E-6389745BBE9F}.Release|Any CPU.Build.0 = Release|Any CPU
		{37938E7C-65DE-4E17-9D60-2CE957BA3F6F}.Debug|Any CPU.ActiveCfg = Debug|Any CPU
		{37938E7C-65DE-4E17-9D60-2CE957BA3F6F}.Debug|Any CPU.Build.0 = Debug|Any CPU
		{37938E7C-65DE-4E17-9D60-2CE957BA3F6F}.Release|Any CPU.ActiveCfg = Release|Any CPU
		{37938E7C-65DE-4E17-9D60-2CE957BA3F6F}.Release|Any CPU.Build.0 = Release|Any CPU
		{B2F8653F-87EC-469A-9C4F-5032A7412EE9}.Debug|Any CPU.ActiveCfg = Debug|Any CPU
		{B2F8653F-87EC-469A-9C4F-5032A7412EE9}.Debug|Any CPU.Build.0 = Debug|Any CPU
		{B2F8653F-87EC-469A-9C4F-5032A7412EE9}.Release|Any CPU.ActiveCfg = Release|Any CPU
		{B2F8653F-87EC-469A-9C4F-5032A7412EE9}.Release|Any CPU.Build.0 = Release|Any CPU
	EndGlobalSection
	GlobalSection(SolutionProperties) = preSolution
		HideSolutionNode = FALSE
	EndGlobalSection
EndGlobal
