
Microsoft Visual Studio Solution File, Format Version 12.00
# Visual Studio 2013
VisualStudioVersion = 12.0.31101.0
MinimumVisualStudioVersion = 10.0.40219.1
Project("{FAE04EC0-301F-11D3-BF4B-00C04F79EFBC}") = "Test", "Test\Test.csproj", "{1EC1E1E7-096E-4F81-94A5-A75A3B53114E}"
EndProject
Project("{FAE04EC0-301F-11D3-BF4B-00C04F79EFBC}") = "Demo", "Demo\Demo.csproj", "{F248D924-137A-42F8-A999-5EB835E3F0ED}"
EndProject
Global
	GlobalSection(SolutionConfigurationPlatforms) = preSolution
		Debug|Any CPU = Debug|Any CPU
		Release|Any CPU = Release|Any CPU
	EndGlobalSection
	GlobalSection(ProjectConfigurationPlatforms) = postSolution
		{1EC1E1E7-096E-4F81-94A5-A75A3B53114E}.Debug|Any CPU.ActiveCfg = Debug|Any CPU
		{1EC1E1E7-096E-4F81-94A5-A75A3B53114E}.Debug|Any CPU.Build.0 = Debug|Any CPU
		{1EC1E1E7-096E-4F81-94A5-A75A3B53114E}.Release|Any CPU.ActiveCfg = Release|Any CPU
		{1EC1E1E7-096E-4F81-94A5-A75A3B53114E}.Release|Any CPU.Build.0 = Release|Any CPU
		{F248D924-137A-42F8-A999-5EB835E3F0ED}.Debug|Any CPU.ActiveCfg = Debug|Any CPU
		{F248D924-137A-42F8-A999-5EB835E3F0ED}.Debug|Any CPU.Build.0 = Debug|Any CPU
		{F248D924-137A-42F8-A999-5EB835E3F0ED}.Release|Any CPU.ActiveCfg = Release|Any CPU
		{F248D924-137A-42F8-A999-5EB835E3F0ED}.Release|Any CPU.Build.0 = Release|Any CPU
	EndGlobalSection
	GlobalSection(SolutionProperties) = preSolution
		HideSolutionNode = FALSE
	EndGlobalSection
EndGlobal
