
Microsoft Visual Studio Solution File, Format Version 12.00
# Visual Studio 2013
VisualStudioVersion = 12.0.31101.0
MinimumVisualStudioVersion = 10.0.40219.1
Project("{FAE04EC0-301F-11D3-BF4B-00C04F79EFBC}") = "ToDoService", "ToDoService\ToDoService.csproj", "{0A194EB0-CFA7-4BF0-A73D-6BB6772CD983}"
EndProject
Project("{FAE04EC0-301F-11D3-BF4B-00C04F79EFBC}") = "ServerTester", "ServerTester\ServerTester.csproj", "{8B555DC9-FCC6-4E89-81F2-FC531F5F00C8}"
EndProject
Project("{2150E333-8FDC-42A3-9474-1A3956D46DE8}") = "Solution Items", "Solution Items", "{43784324-FDD7-4E15-9A5A-8599B87389D0}"
	ProjectSection(SolutionItems) = preProject
		Net45\Newtonsoft.Json.dll = Net45\Newtonsoft.Json.dll
		Net45\Newtonsoft.Json.pdb = Net45\Newtonsoft.Json.pdb
		Net45\Newtonsoft.Json.xml = Net45\Newtonsoft.Json.xml
	EndProjectSection
EndProject
Project("{FAE04EC0-301F-11D3-BF4B-00C04F79EFBC}") = "DataModels", "DataModels\DataModels.csproj", "{EEDDF642-44A1-4847-AEAA-2E05D52CB459}"
EndProject
Global
	GlobalSection(SolutionConfigurationPlatforms) = preSolution
		Debug|Any CPU = Debug|Any CPU
		Release|Any CPU = Release|Any CPU
	EndGlobalSection
	GlobalSection(ProjectConfigurationPlatforms) = postSolution
		{0A194EB0-CFA7-4BF0-A73D-6BB6772CD983}.Debug|Any CPU.ActiveCfg = Debug|Any CPU
		{0A194EB0-CFA7-4BF0-A73D-6BB6772CD983}.Debug|Any CPU.Build.0 = Debug|Any CPU
		{0A194EB0-CFA7-4BF0-A73D-6BB6772CD983}.Release|Any CPU.ActiveCfg = Release|Any CPU
		{0A194EB0-CFA7-4BF0-A73D-6BB6772CD983}.Release|Any CPU.Build.0 = Release|Any CPU
		{8B555DC9-FCC6-4E89-81F2-FC531F5F00C8}.Debug|Any CPU.ActiveCfg = Debug|Any CPU
		{8B555DC9-FCC6-4E89-81F2-FC531F5F00C8}.Debug|Any CPU.Build.0 = Debug|Any CPU
		{8B555DC9-FCC6-4E89-81F2-FC531F5F00C8}.Release|Any CPU.ActiveCfg = Release|Any CPU
		{8B555DC9-FCC6-4E89-81F2-FC531F5F00C8}.Release|Any CPU.Build.0 = Release|Any CPU
		{EEDDF642-44A1-4847-AEAA-2E05D52CB459}.Debug|Any CPU.ActiveCfg = Debug|Any CPU
		{EEDDF642-44A1-4847-AEAA-2E05D52CB459}.Debug|Any CPU.Build.0 = Debug|Any CPU
		{EEDDF642-44A1-4847-AEAA-2E05D52CB459}.Release|Any CPU.ActiveCfg = Release|Any CPU
		{EEDDF642-44A1-4847-AEAA-2E05D52CB459}.Release|Any CPU.Build.0 = Release|Any CPU
	EndGlobalSection
	GlobalSection(SolutionProperties) = preSolution
		HideSolutionNode = FALSE
	EndGlobalSection
EndGlobal
